// !$*UTF8*$!
{
	archiveVersion = 1;
	classes = {
	};
	objectVersion = 50;
	objects = {

/* Begin PBXBuildFile section */
		7FA1697C21E371CA00D8BA3F /* mocks.generated.swift in Sources */ = {isa = PBXBuildFile; fileRef = 7FA1697B21E371CA00D8BA3F /* mocks.generated.swift */; };
		7FC46649216F8C5100A73817 /* AppDelegate.swift in Sources */ = {isa = PBXBuildFile; fileRef = 7FC46648216F8C5100A73817 /* AppDelegate.swift */; };
		7FC4664B216F8C5100A73817 /* ViewController.swift in Sources */ = {isa = PBXBuildFile; fileRef = 7FC4664A216F8C5100A73817 /* ViewController.swift */; };
		7FC4664E216F8C5100A73817 /* Main.storyboard in Resources */ = {isa = PBXBuildFile; fileRef = 7FC4664C216F8C5100A73817 /* Main.storyboard */; };
		7FC46650216F8C5100A73817 /* Assets.xcassets in Resources */ = {isa = PBXBuildFile; fileRef = 7FC4664F216F8C5100A73817 /* Assets.xcassets */; };
		7FC46653216F8C5100A73817 /* LaunchScreen.storyboard in Resources */ = {isa = PBXBuildFile; fileRef = 7FC46651216F8C5100A73817 /* LaunchScreen.storyboard */; };
		7FC4665E216F8C5200A73817 /* ViewControllerTests.swift in Sources */ = {isa = PBXBuildFile; fileRef = 7FC4665D216F8C5200A73817 /* ViewControllerTests.swift */; };
		7FC46669216F8CC700A73817 /* MyObject.swift in Sources */ = {isa = PBXBuildFile; fileRef = 7FC46668216F8CC700A73817 /* MyObject.swift */; };
		7FC4666B216F8CCF00A73817 /* Mockable.swift in Sources */ = {isa = PBXBuildFile; fileRef = 7FC4666A216F8CCF00A73817 /* Mockable.swift */; };
/* End PBXBuildFile section */

/* Begin PBXContainerItemProxy section */
		7FC4665A216F8C5200A73817 /* PBXContainerItemProxy */ = {
			isa = PBXContainerItemProxy;
			containerPortal = 7FC4663D216F8C5100A73817 /* Project object */;
			proxyType = 1;
			remoteGlobalIDString = 7FC46644216F8C5100A73817;
			remoteInfo = Example;
		};
/* End PBXContainerItemProxy section */

/* Begin PBXFileReference section */
		7FA1697B21E371CA00D8BA3F /* mocks.generated.swift */ = {isa = PBXFileReference; fileEncoding = 4; lastKnownFileType = sourcecode.swift; name = mocks.generated.swift; path = Generated/mocks.generated.swift; sourceTree = SOURCE_ROOT; };
		7FAFBA6324BB303B0008A54D /* README.md */ = {isa = PBXFileReference; lastKnownFileType = net.daringfireball.markdown; name = README.md; path = ../README.md; sourceTree = "<group>"; };
		7FC46645216F8C5100A73817 /* Example.app */ = {isa = PBXFileReference; explicitFileType = wrapper.application; includeInIndex = 0; path = Example.app; sourceTree = BUILT_PRODUCTS_DIR; };
		7FC46648216F8C5100A73817 /* AppDelegate.swift */ = {isa = PBXFileReference; lastKnownFileType = sourcecode.swift; path = AppDelegate.swift; sourceTree = "<group>"; };
		7FC4664A216F8C5100A73817 /* ViewController.swift */ = {isa = PBXFileReference; lastKnownFileType = sourcecode.swift; path = ViewController.swift; sourceTree = "<group>"; };
		7FC4664D216F8C5100A73817 /* Base */ = {isa = PBXFileReference; lastKnownFileType = file.storyboard; name = Base; path = Base.lproj/Main.storyboard; sourceTree = "<group>"; };
		7FC4664F216F8C5100A73817 /* Assets.xcassets */ = {isa = PBXFileReference; lastKnownFileType = folder.assetcatalog; path = Assets.xcassets; sourceTree = "<group>"; };
		7FC46652216F8C5100A73817 /* Base */ = {isa = PBXFileReference; lastKnownFileType = file.storyboard; name = Base; path = Base.lproj/LaunchScreen.storyboard; sourceTree = "<group>"; };
		7FC46654216F8C5100A73817 /* Info.plist */ = {isa = PBXFileReference; lastKnownFileType = text.plist.xml; path = Info.plist; sourceTree = "<group>"; };
		7FC46659216F8C5200A73817 /* ExampleTests.xctest */ = {isa = PBXFileReference; explicitFileType = wrapper.cfbundle; includeInIndex = 0; path = ExampleTests.xctest; sourceTree = BUILT_PRODUCTS_DIR; };
		7FC4665D216F8C5200A73817 /* ViewControllerTests.swift */ = {isa = PBXFileReference; lastKnownFileType = sourcecode.swift; path = ViewControllerTests.swift; sourceTree = "<group>"; };
		7FC4665F216F8C5200A73817 /* Info.plist */ = {isa = PBXFileReference; lastKnownFileType = text.plist.xml; path = Info.plist; sourceTree = "<group>"; };
		7FC46668216F8CC700A73817 /* MyObject.swift */ = {isa = PBXFileReference; fileEncoding = 4; lastKnownFileType = sourcecode.swift; path = MyObject.swift; sourceTree = "<group>"; };
		7FC4666A216F8CCF00A73817 /* Mockable.swift */ = {isa = PBXFileReference; fileEncoding = 4; lastKnownFileType = sourcecode.swift; path = Mockable.swift; sourceTree = "<group>"; };
/* End PBXFileReference section */

/* Begin PBXFrameworksBuildPhase section */
		7FC46642216F8C5100A73817 /* Frameworks */ = {
			isa = PBXFrameworksBuildPhase;
			buildActionMask = 2147483647;
			files = (
			);
			runOnlyForDeploymentPostprocessing = 0;
		};
		7FC46656216F8C5200A73817 /* Frameworks */ = {
			isa = PBXFrameworksBuildPhase;
			buildActionMask = 2147483647;
			files = (
			);
			runOnlyForDeploymentPostprocessing = 0;
		};
/* End PBXFrameworksBuildPhase section */

/* Begin PBXGroup section */
		7F13D51E219F537400891DF7 /* Generated */ = {
			isa = PBXGroup;
			children = (
				7FA1697B21E371CA00D8BA3F /* mocks.generated.swift */,
			);
			name = Generated;
			sourceTree = "<group>";
		};
		7FC4663C216F8C5100A73817 = {
			isa = PBXGroup;
			children = (
				7FAFBA6324BB303B0008A54D /* README.md */,
				7FC46647216F8C5100A73817 /* Example */,
				7FC4665C216F8C5200A73817 /* ExampleTests */,
				7FC46646216F8C5100A73817 /* Products */,
			);
			sourceTree = "<group>";
		};
		7FC46646216F8C5100A73817 /* Products */ = {
			isa = PBXGroup;
			children = (
				7FC46645216F8C5100A73817 /* Example.app */,
				7FC46659216F8C5200A73817 /* ExampleTests.xctest */,
			);
			name = Products;
			sourceTree = "<group>";
		};
		7FC46647216F8C5100A73817 /* Example */ = {
			isa = PBXGroup;
			children = (
				7FC46648216F8C5100A73817 /* AppDelegate.swift */,
				7FC4664A216F8C5100A73817 /* ViewController.swift */,
				7FC46668216F8CC700A73817 /* MyObject.swift */,
				7FC4666A216F8CCF00A73817 /* Mockable.swift */,
				7FC4664C216F8C5100A73817 /* Main.storyboard */,
				7FC4664F216F8C5100A73817 /* Assets.xcassets */,
				7FC46651216F8C5100A73817 /* LaunchScreen.storyboard */,
				7FC46654216F8C5100A73817 /* Info.plist */,
			);
			path = Example;
			sourceTree = "<group>";
		};
		7FC4665C216F8C5200A73817 /* ExampleTests */ = {
			isa = PBXGroup;
			children = (
				7FC4665D216F8C5200A73817 /* ViewControllerTests.swift */,
				7F13D51E219F537400891DF7 /* Generated */,
				7FC4665F216F8C5200A73817 /* Info.plist */,
			);
			path = ExampleTests;
			sourceTree = "<group>";
		};
/* End PBXGroup section */

/* Begin PBXNativeTarget section */
		7FC46644216F8C5100A73817 /* Example */ = {
			isa = PBXNativeTarget;
			buildConfigurationList = 7FC46662216F8C5200A73817 /* Build configuration list for PBXNativeTarget "Example" */;
			buildPhases = (
				7FC46641216F8C5100A73817 /* Sources */,
				7FC46642216F8C5100A73817 /* Frameworks */,
				7FC46643216F8C5100A73817 /* Resources */,
			);
			buildRules = (
			);
			dependencies = (
			);
			name = Example;
			productName = Example;
			productReference = 7FC46645216F8C5100A73817 /* Example.app */;
			productType = "com.apple.product-type.application";
		};
		7FC46658216F8C5200A73817 /* ExampleTests */ = {
			isa = PBXNativeTarget;
			buildConfigurationList = 7FC46665216F8C5200A73817 /* Build configuration list for PBXNativeTarget "ExampleTests" */;
			buildPhases = (
				7FC4666F2170A39E00A73817 /* ShellScript */,
				7FC46655216F8C5200A73817 /* Sources */,
				7FC46656216F8C5200A73817 /* Frameworks */,
				7FC46657216F8C5200A73817 /* Resources */,
			);
			buildRules = (
			);
			dependencies = (
				7FC4665B216F8C5200A73817 /* PBXTargetDependency */,
			);
			name = ExampleTests;
			productName = ExampleTests;
			productReference = 7FC46659216F8C5200A73817 /* ExampleTests.xctest */;
			productType = "com.apple.product-type.bundle.unit-test";
		};
/* End PBXNativeTarget section */

/* Begin PBXProject section */
		7FC4663D216F8C5100A73817 /* Project object */ = {
			isa = PBXProject;
			attributes = {
				LastSwiftUpdateCheck = 0940;
				LastUpgradeCheck = 0940;
				TargetAttributes = {
					7FC46644216F8C5100A73817 = {
						CreatedOnToolsVersion = 9.4.1;
						LastSwiftMigration = 1130;
					};
					7FC46658216F8C5200A73817 = {
						CreatedOnToolsVersion = 9.4.1;
						LastSwiftMigration = 1130;
						TestTargetID = 7FC46644216F8C5100A73817;
					};
				};
			};
			buildConfigurationList = 7FC46640216F8C5100A73817 /* Build configuration list for PBXProject "Example" */;
			compatibilityVersion = "Xcode 9.3";
			developmentRegion = en;
			hasScannedForEncodings = 0;
			knownRegions = (
				en,
				Base,
			);
			mainGroup = 7FC4663C216F8C5100A73817;
			productRefGroup = 7FC46646216F8C5100A73817 /* Products */;
			projectDirPath = "";
			projectRoot = "";
			targets = (
				7FC46644216F8C5100A73817 /* Example */,
				7FC46658216F8C5200A73817 /* ExampleTests */,
			);
		};
/* End PBXProject section */

/* Begin PBXResourcesBuildPhase section */
		7FC46643216F8C5100A73817 /* Resources */ = {
			isa = PBXResourcesBuildPhase;
			buildActionMask = 2147483647;
			files = (
				7FC46653216F8C5100A73817 /* LaunchScreen.storyboard in Resources */,
				7FC46650216F8C5100A73817 /* Assets.xcassets in Resources */,
				7FC4664E216F8C5100A73817 /* Main.storyboard in Resources */,
			);
			runOnlyForDeploymentPostprocessing = 0;
		};
		7FC46657216F8C5200A73817 /* Resources */ = {
			isa = PBXResourcesBuildPhase;
			buildActionMask = 2147483647;
			files = (
			);
			runOnlyForDeploymentPostprocessing = 0;
		};
/* End PBXResourcesBuildPhase section */

/* Begin PBXShellScriptBuildPhase section */
		7FC4666F2170A39E00A73817 /* ShellScript */ = {
			isa = PBXShellScriptBuildPhase;
			buildActionMask = 2147483647;
			files = (
			);
			inputPaths = (
			);
			outputPaths = (
			);
			runOnlyForDeploymentPostprocessing = 0;
			shellPath = /bin/sh;
			shellScript = "if [ \"${TRAVIS}\" = \"1\" ]; then\n    exit 0\nfi\nsourcery\n";
		};
/* End PBXShellScriptBuildPhase section */

/* Begin PBXSourcesBuildPhase section */
		7FC46641216F8C5100A73817 /* Sources */ = {
			isa = PBXSourcesBuildPhase;
			buildActionMask = 2147483647;
			files = (
				7FC46669216F8CC700A73817 /* MyObject.swift in Sources */,
				7FC4664B216F8C5100A73817 /* ViewController.swift in Sources */,
				7FC46649216F8C5100A73817 /* AppDelegate.swift in Sources */,
				7FC4666B216F8CCF00A73817 /* Mockable.swift in Sources */,
			);
			runOnlyForDeploymentPostprocessing = 0;
		};
		7FC46655216F8C5200A73817 /* Sources */ = {
			isa = PBXSourcesBuildPhase;
			buildActionMask = 2147483647;
			files = (
				7FA1697C21E371CA00D8BA3F /* mocks.generated.swift in Sources */,
				7FC4665E216F8C5200A73817 /* ViewControllerTests.swift in Sources */,
			);
			runOnlyForDeploymentPostprocessing = 0;
		};
/* End PBXSourcesBuildPhase section */

/* Begin PBXTargetDependency section */
		7FC4665B216F8C5200A73817 /* PBXTargetDependency */ = {
			isa = PBXTargetDependency;
			target = 7FC46644216F8C5100A73817 /* Example */;
			targetProxy = 7FC4665A216F8C5200A73817 /* PBXContainerItemProxy */;
		};
/* End PBXTargetDependency section */

/* Begin PBXVariantGroup section */
		7FC4664C216F8C5100A73817 /* Main.storyboard */ = {
			isa = PBXVariantGroup;
			children = (
				7FC4664D216F8C5100A73817 /* Base */,
			);
			name = Main.storyboard;
			sourceTree = "<group>";
		};
		7FC46651216F8C5100A73817 /* LaunchScreen.storyboard */ = {
			isa = PBXVariantGroup;
			children = (
				7FC46652216F8C5100A73817 /* Base */,
			);
			name = LaunchScreen.storyboard;
			sourceTree = "<group>";
		};
/* End PBXVariantGroup section */

/* Begin XCBuildConfiguration section */
		7FC46660216F8C5200A73817 /* Debug */ = {
			isa = XCBuildConfiguration;
			buildSettings = {
				ALWAYS_SEARCH_USER_PATHS = NO;
				CLANG_ANALYZER_NONNULL = YES;
				CLANG_ANALYZER_NUMBER_OBJECT_CONVERSION = YES_AGGRESSIVE;
				CLANG_CXX_LANGUAGE_STANDARD = "gnu++14";
				CLANG_CXX_LIBRARY = "libc++";
				CLANG_ENABLE_MODULES = YES;
				CLANG_ENABLE_OBJC_ARC = YES;
				CLANG_ENABLE_OBJC_WEAK = YES;
				CLANG_WARN_BLOCK_CAPTURE_AUTORELEASING = YES;
				CLANG_WARN_BOOL_CONVERSION = YES;
				CLANG_WARN_COMMA = YES;
				CLANG_WARN_CONSTANT_CONVERSION = YES;
				CLANG_WARN_DEPRECATED_OBJC_IMPLEMENTATIONS = YES;
				CLANG_WARN_DIRECT_OBJC_ISA_USAGE = YES_ERROR;
				CLANG_WARN_DOCUMENTATION_COMMENTS = YES;
				CLANG_WARN_EMPTY_BODY = YES;
				CLANG_WARN_ENUM_CONVERSION = YES;
				CLANG_WARN_INFINITE_RECURSION = YES;
				CLANG_WARN_INT_CONVERSION = YES;
				CLANG_WARN_NON_LITERAL_NULL_CONVERSION = YES;
				CLANG_WARN_OBJC_IMPLICIT_RETAIN_SELF = YES;
				CLANG_WARN_OBJC_LITERAL_CONVERSION = YES;
				CLANG_WARN_OBJC_ROOT_CLASS = YES_ERROR;
				CLANG_WARN_RANGE_LOOP_ANALYSIS = YES;
				CLANG_WARN_STRICT_PROTOTYPES = YES;
				CLANG_WARN_SUSPICIOUS_MOVE = YES;
				CLANG_WARN_UNGUARDED_AVAILABILITY = YES_AGGRESSIVE;
				CLANG_WARN_UNREACHABLE_CODE = YES;
				CLANG_WARN__DUPLICATE_METHOD_MATCH = YES;
				CODE_SIGN_IDENTITY = "iPhone Developer";
				COPY_PHASE_STRIP = NO;
				DEBUG_INFORMATION_FORMAT = dwarf;
				ENABLE_STRICT_OBJC_MSGSEND = YES;
				ENABLE_TESTABILITY = YES;
				GCC_C_LANGUAGE_STANDARD = gnu11;
				GCC_DYNAMIC_NO_PIC = NO;
				GCC_NO_COMMON_BLOCKS = YES;
				GCC_OPTIMIZATION_LEVEL = 0;
				GCC_PREPROCESSOR_DEFINITIONS = (
					"DEBUG=1",
					"$(inherited)",
				);
				GCC_WARN_64_TO_32_BIT_CONVERSION = YES;
				GCC_WARN_ABOUT_RETURN_TYPE = YES_ERROR;
				GCC_WARN_UNDECLARED_SELECTOR = YES;
				GCC_WARN_UNINITIALIZED_AUTOS = YES_AGGRESSIVE;
				GCC_WARN_UNUSED_FUNCTION = YES;
				GCC_WARN_UNUSED_VARIABLE = YES;
				IPHONEOS_DEPLOYMENT_TARGET = 11.4;
				MTL_ENABLE_DEBUG_INFO = YES;
				ONLY_ACTIVE_ARCH = YES;
				SDKROOT = iphoneos;
				SWIFT_ACTIVE_COMPILATION_CONDITIONS = DEBUG;
				SWIFT_OPTIMIZATION_LEVEL = "-Onone";
			};
			name = Debug;
		};
		7FC46661216F8C5200A73817 /* Release */ = {
			isa = XCBuildConfiguration;
			buildSettings = {
				ALWAYS_SEARCH_USER_PATHS = NO;
				CLANG_ANALYZER_NONNULL = YES;
				CLANG_ANALYZER_NUMBER_OBJECT_CONVERSION = YES_AGGRESSIVE;
				CLANG_CXX_LANGUAGE_STANDARD = "gnu++14";
				CLANG_CXX_LIBRARY = "libc++";
				CLANG_ENABLE_MODULES = YES;
				CLANG_ENABLE_OBJC_ARC = YES;
				CLANG_ENABLE_OBJC_WEAK = YES;
				CLANG_WARN_BLOCK_CAPTURE_AUTORELEASING = YES;
				CLANG_WARN_BOOL_CONVERSION = YES;
				CLANG_WARN_COMMA = YES;
				CLANG_WARN_CONSTANT_CONVERSION = YES;
				CLANG_WARN_DEPRECATED_OBJC_IMPLEMENTATIONS = YES;
				CLANG_WARN_DIRECT_OBJC_ISA_USAGE = YES_ERROR;
				CLANG_WARN_DOCUMENTATION_COMMENTS = YES;
				CLANG_WARN_EMPTY_BODY = YES;
				CLANG_WARN_ENUM_CONVERSION = YES;
				CLANG_WARN_INFINITE_RECURSION = YES;
				CLANG_WARN_INT_CONVERSION = YES;
				CLANG_WARN_NON_LITERAL_NULL_CONVERSION = YES;
				CLANG_WARN_OBJC_IMPLICIT_RETAIN_SELF = YES;
				CLANG_WARN_OBJC_LITERAL_CONVERSION = YES;
				CLANG_WARN_OBJC_ROOT_CLASS = YES_ERROR;
				CLANG_WARN_RANGE_LOOP_ANALYSIS = YES;
				CLANG_WARN_STRICT_PROTOTYPES = YES;
				CLANG_WARN_SUSPICIOUS_MOVE = YES;
				CLANG_WARN_UNGUARDED_AVAILABILITY = YES_AGGRESSIVE;
				CLANG_WARN_UNREACHABLE_CODE = YES;
				CLANG_WARN__DUPLICATE_METHOD_MATCH = YES;
				CODE_SIGN_IDENTITY = "iPhone Developer";
				COPY_PHASE_STRIP = NO;
				DEBUG_INFORMATION_FORMAT = "dwarf-with-dsym";
				ENABLE_NS_ASSERTIONS = NO;
				ENABLE_STRICT_OBJC_MSGSEND = YES;
				GCC_C_LANGUAGE_STANDARD = gnu11;
				GCC_NO_COMMON_BLOCKS = YES;
				GCC_WARN_64_TO_32_BIT_CONVERSION = YES;
				GCC_WARN_ABOUT_RETURN_TYPE = YES_ERROR;
				GCC_WARN_UNDECLARED_SELECTOR = YES;
				GCC_WARN_UNINITIALIZED_AUTOS = YES_AGGRESSIVE;
				GCC_WARN_UNUSED_FUNCTION = YES;
				GCC_WARN_UNUSED_VARIABLE = YES;
				IPHONEOS_DEPLOYMENT_TARGET = 11.4;
				MTL_ENABLE_DEBUG_INFO = NO;
				SDKROOT = iphoneos;
				SWIFT_COMPILATION_MODE = wholemodule;
				SWIFT_OPTIMIZATION_LEVEL = "-O";
				VALIDATE_PRODUCT = YES;
			};
			name = Release;
		};
		7FC46663216F8C5200A73817 /* Debug */ = {
			isa = XCBuildConfiguration;
			buildSettings = {
				ASSETCATALOG_COMPILER_APPICON_NAME = AppIcon;
				CODE_SIGN_STYLE = Automatic;
				INFOPLIST_FILE = Example/Info.plist;
				LD_RUNPATH_SEARCH_PATHS = (
					"$(inherited)",
					"@executable_path/Frameworks",
				);
				PRODUCT_BUNDLE_IDENTIFIER = com.yourcompany.Example;
				PRODUCT_NAME = "$(TARGET_NAME)";
				SWIFT_VERSION = 5.0;
				TARGETED_DEVICE_FAMILY = "1,2";
			};
			name = Debug;
		};
		7FC46664216F8C5200A73817 /* Release */ = {
			isa = XCBuildConfiguration;
			buildSettings = {
				ASSETCATALOG_COMPILER_APPICON_NAME = AppIcon;
				CODE_SIGN_STYLE = Automatic;
				INFOPLIST_FILE = Example/Info.plist;
				LD_RUNPATH_SEARCH_PATHS = (
					"$(inherited)",
					"@executable_path/Frameworks",
				);
				PRODUCT_BUNDLE_IDENTIFIER = com.yourcompany.Example;
				PRODUCT_NAME = "$(TARGET_NAME)";
				SWIFT_VERSION = 5.0;
				TARGETED_DEVICE_FAMILY = "1,2";
			};
			name = Release;
		};
		7FC46666216F8C5200A73817 /* Debug */ = {
			isa = XCBuildConfiguration;
			buildSettings = {
				ALWAYS_EMBED_SWIFT_STANDARD_LIBRARIES = YES;
				BUNDLE_LOADER = "$(TEST_HOST)";
				CODE_SIGN_STYLE = Automatic;
				INFOPLIST_FILE = ExampleTests/Info.plist;
				LD_RUNPATH_SEARCH_PATHS = (
					"$(inherited)",
					"@executable_path/Frameworks",
					"@loader_path/Frameworks",
				);
				PRODUCT_BUNDLE_IDENTIFIER = com.yourcompany.ExampleTests;
				PRODUCT_NAME = "$(TARGET_NAME)";
				SWIFT_VERSION = 5.0;
				TARGETED_DEVICE_FAMILY = "1,2";
				TEST_HOST = "$(BUILT_PRODUCTS_DIR)/Example.app/Example";
			};
			name = Debug;
		};
		7FC46667216F8C5200A73817 /* Release */ = {
			isa = XCBuildConfiguration;
			buildSettings = {
				ALWAYS_EMBED_SWIFT_STANDARD_LIBRARIES = YES;
				BUNDLE_LOADER = "$(TEST_HOST)";
				CODE_SIGN_STYLE = Automatic;
				INFOPLIST_FILE = ExampleTests/Info.plist;
				LD_RUNPATH_SEARCH_PATHS = (
					"$(inherited)",
					"@executable_path/Frameworks",
					"@loader_path/Frameworks",
				);
				PRODUCT_BUNDLE_IDENTIFIER = com.yourcompany.ExampleTests;
				PRODUCT_NAME = "$(TARGET_NAME)";
				SWIFT_VERSION = 5.0;
				TARGETED_DEVICE_FAMILY = "1,2";
				TEST_HOST = "$(BUILT_PRODUCTS_DIR)/Example.app/Example";
			};
			name = Release;
		};
/* End XCBuildConfiguration section */

/* Begin XCConfigurationList section */
		7FC46640216F8C5100A73817 /* Build configuration list for PBXProject "Example" */ = {
			isa = XCConfigurationList;
			buildConfigurations = (
				7FC46660216F8C5200A73817 /* Debug */,
				7FC46661216F8C5200A73817 /* Release */,
			);
			defaultConfigurationIsVisible = 0;
			defaultConfigurationName = Release;
		};
		7FC46662216F8C5200A73817 /* Build configuration list for PBXNativeTarget "Example" */ = {
			isa = XCConfigurationList;
			buildConfigurations = (
				7FC46663216F8C5200A73817 /* Debug */,
				7FC46664216F8C5200A73817 /* Release */,
			);
			defaultConfigurationIsVisible = 0;
			defaultConfigurationName = Release;
		};
		7FC46665216F8C5200A73817 /* Build configuration list for PBXNativeTarget "ExampleTests" */ = {
			isa = XCConfigurationList;
			buildConfigurations = (
				7FC46666216F8C5200A73817 /* Debug */,
				7FC46667216F8C5200A73817 /* Release */,
			);
			defaultConfigurationIsVisible = 0;
			defaultConfigurationName = Release;
		};
/* End XCConfigurationList section */
	};
	rootObject = 7FC4663D216F8C5100A73817 /* Project object */;
}
